
Microsoft Visual Studio Solution File, Format Version 12.00
# Visual Studio Version 16
VisualStudioVersion = 16.0.30309.148
MinimumVisualStudioVersion = 10.0.40219.1
Project("{8BC9CEB8-8B4A-11D0-8D11-00A0C91BC942}") = "FirstProj", "FirstProj\FirstProj.vcxproj", "{9492976C-5A8A-4AFA-9123-D001A600FEC0}"
EndProject
Project("{8BC9CEB8-8B4A-11D0-8D11-00A0C91BC942}") = "SecondeProj", "SecondeProj\SecondeProj.vcxproj", "{E45BB51F-4018-4188-A080-6E421121119E}"
EndProject
Project("{8BC9CEB8-8B4A-11D0-8D11-00A0C91BC942}") = "ThreadProj", "ThreadProj\ThreadProj.vcxproj", "{A812002D-FD12-4F5D-8D8D-B5FCCD433BCA}"
EndProject
Project("{8BC9CEB8-8B4A-11D0-8D11-00A0C91BC942}") = "Lecture6", "Lecture6\Lecture6.vcxproj", "{350E11F7-850A-4BBC-B628-96AB047B379D}"
EndProject
Project("{8BC9CEB8-8B4A-11D0-8D11-00A0C91BC942}") = "Lecture2", "Lecture2\Lecture2.vcxproj", "{CC70561C-D7F4-44A8-B043-01341AEEE391}"
EndProject
Project("{8BC9CEB8-8B4A-11D0-8D11-00A0C91BC942}") = "Lecture7", "Lecture7\Lecture7.vcxproj", "{739CC345-9198-4E66-B016-913497C8CCFB}"
EndProject
Project("{8BC9CEB8-8B4A-11D0-8D11-00A0C91BC942}") = "Lecture8", "Lecture8\Lecture8.vcxproj", "{CFFC2799-AF33-4D7C-927D-BA569FA4BD24}"
EndProject
Project("{8BC9CEB8-8B4A-11D0-8D11-00A0C91BC942}") = "Lecture9", "Lecture9\Lecture9.vcxproj", "{3C48A406-68E9-44C6-9C3B-ADC38EF79A39}"
EndProject
Project("{8BC9CEB8-8B4A-11D0-8D11-00A0C91BC942}") = "Lecutre10", "Lecutre10\Lecutre10.vcxproj", "{C3A90E46-4A69-4A16-B132-9BF99D597C90}"
EndProject
Project("{8BC9CEB8-8B4A-11D0-8D11-00A0C91BC942}") = "Lecture11", "Lecture11\Lecture11.vcxproj", "{AEE00CB1-253F-4ED1-BD22-879E88E0A047}"
EndProject
Project("{8BC9CEB8-8B4A-11D0-8D11-00A0C91BC942}") = "Lecture12", "Lecture12\Lecture12.vcxproj", "{3270EFB2-8710-4CF8-BBC2-FBCE6564D764}"
EndProject
Project("{8BC9CEB8-8B4A-11D0-8D11-00A0C91BC942}") = "Lecture13", "Lecture13\Lecture13.vcxproj", "{9F3F3011-BBC2-4848-BF19-059DBD034251}"
EndProject
Project("{8BC9CEB8-8B4A-11D0-8D11-00A0C91BC942}") = "Lecture14", "Lecture14\Lecture14.vcxproj", "{A7E723F4-F663-4B58-88CB-52A3C778EB8E}"
EndProject
Project("{8BC9CEB8-8B4A-11D0-8D11-00A0C91BC942}") = "Lecture15", "Lecture15\Lecture15.vcxproj", "{6CF2E984-F283-48E2-90F8-BA7CCC3A68CB}"
EndProject
Project("{8BC9CEB8-8B4A-11D0-8D11-00A0C91BC942}") = "Lecture16", "Lecture16\Lecture16.vcxproj", "{F48B7432-A3B6-476D-8239-7622E442003E}"
EndProject
Project("{8BC9CEB8-8B4A-11D0-8D11-00A0C91BC942}") = "Lecture3", "Lecture3\Lecture3.vcxproj", "{3E5BB4F3-54CF-478D-9D3E-2A8C3D40FC4A}"
EndProject
Project("{8BC9CEB8-8B4A-11D0-8D11-00A0C91BC942}") = "Lecture4", "Lecture4\Lecture4.vcxproj", "{90440284-CDA3-4325-86F9-811F2E3B6779}"
EndProject
Project("{8BC9CEB8-8B4A-11D0-8D11-00A0C91BC942}") = "Lecture5", "Lecture5\Lecture5.vcxproj", "{523C4DBE-D714-4C85-83A3-4A489CCEBF4B}"
EndProject
Project("{8BC9CEB8-8B4A-11D0-8D11-00A0C91BC942}") = "extraLecture1", "extraLecture1\extraLecture1.vcxproj", "{5399896D-C377-4F46-8C4E-6405E54B3EED}"
EndProject
Project("{8BC9CEB8-8B4A-11D0-8D11-00A0C91BC942}") = "ExtraLecture2", "ExtraLecture2\ExtraLecture2.vcxproj", "{19F6E0C8-F46E-4449-B211-8C4CDA42908B}"
EndProject
Project("{8BC9CEB8-8B4A-11D0-8D11-00A0C91BC942}") = "ExtraLecture", "ExtraLecture\ExtraLecture.vcxproj", "{62067A16-E8C4-4B1D-9FE0-4AD62AAB02F2}"
EndProject
Project("{8BC9CEB8-8B4A-11D0-8D11-00A0C91BC942}") = "LoopLecture1", "LoopLecture1\LoopLecture1.vcxproj", "{0CA52F5D-35F3-43AC-A04F-835D31AC90CF}"
EndProject
Project("{8BC9CEB8-8B4A-11D0-8D11-00A0C91BC942}") = "Lecture17", "Lecture17\Lecture17.vcxproj", "{E322296B-E76E-487C-B98F-6D98C0C96A6A}"
EndProject
Project("{8BC9CEB8-8B4A-11D0-8D11-00A0C91BC942}") = "Lecture18", "Lecture18\Lecture18.vcxproj", "{9C0CF7CB-7B06-460D-AAF9-7AB6560D9107}"
EndProject
Project("{8BC9CEB8-8B4A-11D0-8D11-00A0C91BC942}") = "LoopLecture2", "LoopLecture2\LoopLecture2.vcxproj", "{46004966-6C0E-47F3-BF49-1D93227ADD4D}"
EndProject
Project("{8BC9CEB8-8B4A-11D0-8D11-00A0C91BC942}") = "Lecture19", "Lecture19\Lecture19.vcxproj", "{1CDCBB3B-6C52-4292-9D27-CF472C18493E}"
EndProject
Project("{8BC9CEB8-8B4A-11D0-8D11-00A0C91BC942}") = "Lecture20", "Lecture20\Lecture20.vcxproj", "{12016BF9-1963-4D12-B337-D3CF9109781C}"
EndProject
Project("{8BC9CEB8-8B4A-11D0-8D11-00A0C91BC942}") = "Lecture22", "Lecture22\Lecture22.vcxproj", "{63BBBBEE-6ECC-4E02-A2B9-3EA54C01ECD7}"
EndProject
Project("{8BC9CEB8-8B4A-11D0-8D11-00A0C91BC942}") = "LoopLecture4", "LoopLecture4\LoopLecture4.vcxproj", "{0B881DF1-7B74-4DE4-8EE2-FFEE1A039DE9}"
EndProject
Project("{8BC9CEB8-8B4A-11D0-8D11-00A0C91BC942}") = "LoopLecture3", "LoopLecture3\LoopLecture3.vcxproj", "{763DEAA1-3FD4-4C02-8DEB-19D6E9050674}"
EndProject
Project("{8BC9CEB8-8B4A-11D0-8D11-00A0C91BC942}") = "ForLoopLecture", "ForLoopLecture\ForLoopLecture.vcxproj", "{9F9E25ED-789F-4654-A4D4-765B550B7908}"
EndProject
Project("{8BC9CEB8-8B4A-11D0-8D11-00A0C91BC942}") = "LoopFunction", "LoopFunction\LoopFunction.vcxproj", "{BD443DC5-4D4A-4D72-A868-BDB0808ECC21}"
EndProject
Project("{8BC9CEB8-8B4A-11D0-8D11-00A0C91BC942}") = "TBC7.1", "TBC7.1\TBC7.1.vcxproj", "{7F29D1F0-BFA5-458D-94A9-78C634ADA27C}"
EndProject
Project("{8BC9CEB8-8B4A-11D0-8D11-00A0C91BC942}") = "TBC7.2", "TBC7.2\TBC7.2.vcxproj", "{8945CB34-743A-4E0F-949C-229FCF30D8FF}"
EndProject
Project("{8BC9CEB8-8B4A-11D0-8D11-00A0C91BC942}") = "TBC7.3", "TBC7.3\TBC7.3.vcxproj", "{BA17364D-D1BF-405D-A893-F3F6CEAD12B3}"
EndProject
Project("{8BC9CEB8-8B4A-11D0-8D11-00A0C91BC942}") = "TBC7.4", "TBC7.4\TBC7.4.vcxproj", "{19DB3019-F570-4A13-B578-B585615B8B86}"
EndProject
Project("{8BC9CEB8-8B4A-11D0-8D11-00A0C91BC942}") = "sosuExample", "sosuExample\sosuExample.vcxproj", "{E4CA4002-8BAB-4FCC-97AD-6DD1E19A2328}"
EndProject
Project("{8BC9CEB8-8B4A-11D0-8D11-00A0C91BC942}") = "Logical_operators", "Logical_operators\Logical_operators.vcxproj", "{4808FAF4-C675-4081-BB9C-798B50988C0F}"
EndProject
Project("{8BC9CEB8-8B4A-11D0-8D11-00A0C91BC942}") = "TBC_7.8", "TBC_7.8\TBC_7.8.vcxproj", "{64F6CCB4-B835-48A1-B883-3CB6D164E40D}"
EndProject
Project("{8BC9CEB8-8B4A-11D0-8D11-00A0C91BC942}") = "TBC7.9", "TBC7.9\TBC7.9.vcxproj", "{EB8E9E02-DEA7-440C-AD55-81F7928AE6E7}"
EndProject
Project("{8BC9CEB8-8B4A-11D0-8D11-00A0C91BC942}") = "TBC7.10", "TBC7.10\TBC7.10.vcxproj", "{336C84F1-51BD-4E40-ADF7-5CEAE33EE95B}"
EndProject
Project("{8BC9CEB8-8B4A-11D0-8D11-00A0C91BC942}") = "TBC7.11", "TBC7.11\TBC7.11.vcxproj", "{9E3FEA31-4B9E-4BAE-B617-5F35CC2A6DFC}"
EndProject
Project("{8BC9CEB8-8B4A-11D0-8D11-00A0C91BC942}") = "TBC7.12", "TBC7.12\TBC7.12.vcxproj", "{DEDC9604-3C87-4166-BF1C-001C52CB64BC}"
EndProject
Project("{8BC9CEB8-8B4A-11D0-8D11-00A0C91BC942}") = "TBC8.1", "TBC8.1\TBC8.1.vcxproj", "{D215533A-1E2A-49C3-B1FB-AD08D10A1AC8}"
EndProject
Project("{8BC9CEB8-8B4A-11D0-8D11-00A0C91BC942}") = "TBC8.2", "TBC8.2\TBC8.2.vcxproj", "{475A1AE7-1A4D-43A9-9AE0-5C6CB1A66FBC}"
EndProject
Project("{8BC9CEB8-8B4A-11D0-8D11-00A0C91BC942}") = "TBC8.3", "TBC8.3\TBC8.3.vcxproj", "{232B7ED6-CCE9-4634-B8BF-911BFE2BC372}"
EndProject
Project("{8BC9CEB8-8B4A-11D0-8D11-00A0C91BC942}") = "TBC8.4", "TBC8.4\TBC8.4.vcxproj", "{7D71139E-521E-4F53-90C4-388DA2C9A879}"
EndProject
Project("{8BC9CEB8-8B4A-11D0-8D11-00A0C91BC942}") = "TBC8.5", "TBC8.5\TBC8.5.vcxproj", "{8DAA463B-9CB0-4817-8A7E-4B370BEDC92F}"
EndProject
Project("{8BC9CEB8-8B4A-11D0-8D11-00A0C91BC942}") = "TBC8.6", "TBC8.6\TBC8.6.vcxproj", "{2F01DD65-8202-46B1-9CC2-4450164AA1EE}"
EndProject
Project("{8BC9CEB8-8B4A-11D0-8D11-00A0C91BC942}") = "TBC8.7", "TBC8.7\TBC8.7.vcxproj", "{8BFFC4D3-211B-4240-A148-7E04AC0C83A4}"
EndProject
Project("{8BC9CEB8-8B4A-11D0-8D11-00A0C91BC942}") = "TBC8.8", "TBC8.8\TBC8.8.vcxproj", "{98580ECF-50E6-4B7C-B478-E9802136D0AB}"
EndProject
Project("{8BC9CEB8-8B4A-11D0-8D11-00A0C91BC942}") = "TBC8.9 텍스트 파일 읽기", "TBC8.9 텍스트 파일 읽기\TBC8.9 텍스트 파일 읽기.vcxproj", "{91F4287D-9419-40C8-92CE-8166E253FC1F}"
EndProject
Project("{8BC9CEB8-8B4A-11D0-8D11-00A0C91BC942}") = "TBC9.1", "TBC9.1\TBC9.1.vcxproj", "{148516C4-A9E6-48F9-8D85-2338805871CE}"
EndProject
Project("{8BC9CEB8-8B4A-11D0-8D11-00A0C91BC942}") = "TBC9.2함수의 프로토타입", "TBC9.2함수의 프로토타입\TBC9.2함수의 프로토타입.vcxproj", "{6DDF1403-FF51-434C-B78B-B4AF9F7B696B}"
EndProject
Global
	GlobalSection(SolutionConfigurationPlatforms) = preSolution
		Debug|x64 = Debug|x64
		Debug|x86 = Debug|x86
		Release|x64 = Release|x64
		Release|x86 = Release|x86
	EndGlobalSection
	GlobalSection(ProjectConfigurationPlatforms) = postSolution
		{9492976C-5A8A-4AFA-9123-D001A600FEC0}.Debug|x64.ActiveCfg = Debug|x64
		{9492976C-5A8A-4AFA-9123-D001A600FEC0}.Debug|x64.Build.0 = Debug|x64
		{9492976C-5A8A-4AFA-9123-D001A600FEC0}.Debug|x86.ActiveCfg = Debug|Win32
		{9492976C-5A8A-4AFA-9123-D001A600FEC0}.Debug|x86.Build.0 = Debug|Win32
		{9492976C-5A8A-4AFA-9123-D001A600FEC0}.Release|x64.ActiveCfg = Release|x64
		{9492976C-5A8A-4AFA-9123-D001A600FEC0}.Release|x64.Build.0 = Release|x64
		{9492976C-5A8A-4AFA-9123-D001A600FEC0}.Release|x86.ActiveCfg = Release|Win32
		{9492976C-5A8A-4AFA-9123-D001A600FEC0}.Release|x86.Build.0 = Release|Win32
		{E45BB51F-4018-4188-A080-6E421121119E}.Debug|x64.ActiveCfg = Debug|x64
		{E45BB51F-4018-4188-A080-6E421121119E}.Debug|x64.Build.0 = Debug|x64
		{E45BB51F-4018-4188-A080-6E421121119E}.Debug|x86.ActiveCfg = Debug|Win32
		{E45BB51F-4018-4188-A080-6E421121119E}.Debug|x86.Build.0 = Debug|Win32
		{E45BB51F-4018-4188-A080-6E421121119E}.Release|x64.ActiveCfg = Release|x64
		{E45BB51F-4018-4188-A080-6E421121119E}.Release|x64.Build.0 = Release|x64
		{E45BB51F-4018-4188-A080-6E421121119E}.Release|x86.ActiveCfg = Release|Win32
		{E45BB51F-4018-4188-A080-6E421121119E}.Release|x86.Build.0 = Release|Win32
		{A812002D-FD12-4F5D-8D8D-B5FCCD433BCA}.Debug|x64.ActiveCfg = Debug|x64
		{A812002D-FD12-4F5D-8D8D-B5FCCD433BCA}.Debug|x64.Build.0 = Debug|x64
		{A812002D-FD12-4F5D-8D8D-B5FCCD433BCA}.Debug|x86.ActiveCfg = Debug|Win32
		{A812002D-FD12-4F5D-8D8D-B5FCCD433BCA}.Debug|x86.Build.0 = Debug|Win32
		{A812002D-FD12-4F5D-8D8D-B5FCCD433BCA}.Release|x64.ActiveCfg = Release|x64
		{A812002D-FD12-4F5D-8D8D-B5FCCD433BCA}.Release|x64.Build.0 = Release|x64
		{A812002D-FD12-4F5D-8D8D-B5FCCD433BCA}.Release|x86.ActiveCfg = Release|Win32
		{A812002D-FD12-4F5D-8D8D-B5FCCD433BCA}.Release|x86.Build.0 = Release|Win32
		{350E11F7-850A-4BBC-B628-96AB047B379D}.Debug|x64.ActiveCfg = Debug|x64
		{350E11F7-850A-4BBC-B628-96AB047B379D}.Debug|x64.Build.0 = Debug|x64
		{350E11F7-850A-4BBC-B628-96AB047B379D}.Debug|x86.ActiveCfg = Debug|Win32
		{350E11F7-850A-4BBC-B628-96AB047B379D}.Debug|x86.Build.0 = Debug|Win32
		{350E11F7-850A-4BBC-B628-96AB047B379D}.Release|x64.ActiveCfg = Release|x64
		{350E11F7-850A-4BBC-B628-96AB047B379D}.Release|x64.Build.0 = Release|x64
		{350E11F7-850A-4BBC-B628-96AB047B379D}.Release|x86.ActiveCfg = Release|Win32
		{350E11F7-850A-4BBC-B628-96AB047B379D}.Release|x86.Build.0 = Release|Win32
		{CC70561C-D7F4-44A8-B043-01341AEEE391}.Debug|x64.ActiveCfg = Debug|x64
		{CC70561C-D7F4-44A8-B043-01341AEEE391}.Debug|x64.Build.0 = Debug|x64
		{CC70561C-D7F4-44A8-B043-01341AEEE391}.Debug|x86.ActiveCfg = Debug|Win32
		{CC70561C-D7F4-44A8-B043-01341AEEE391}.Debug|x86.Build.0 = Debug|Win32
		{CC70561C-D7F4-44A8-B043-01341AEEE391}.Release|x64.ActiveCfg = Release|x64
		{CC70561C-D7F4-44A8-B043-01341AEEE391}.Release|x64.Build.0 = Release|x64
		{CC70561C-D7F4-44A8-B043-01341AEEE391}.Release|x86.ActiveCfg = Release|Win32
		{CC70561C-D7F4-44A8-B043-01341AEEE391}.Release|x86.Build.0 = Release|Win32
		{739CC345-9198-4E66-B016-913497C8CCFB}.Debug|x64.ActiveCfg = Debug|x64
		{739CC345-9198-4E66-B016-913497C8CCFB}.Debug|x64.Build.0 = Debug|x64
		{739CC345-9198-4E66-B016-913497C8CCFB}.Debug|x86.ActiveCfg = Debug|Win32
		{739CC345-9198-4E66-B016-913497C8CCFB}.Debug|x86.Build.0 = Debug|Win32
		{739CC345-9198-4E66-B016-913497C8CCFB}.Release|x64.ActiveCfg = Release|x64
		{739CC345-9198-4E66-B016-913497C8CCFB}.Release|x64.Build.0 = Release|x64
		{739CC345-9198-4E66-B016-913497C8CCFB}.Release|x86.ActiveCfg = Release|Win32
		{739CC345-9198-4E66-B016-913497C8CCFB}.Release|x86.Build.0 = Release|Win32
		{CFFC2799-AF33-4D7C-927D-BA569FA4BD24}.Debug|x64.ActiveCfg = Debug|x64
		{CFFC2799-AF33-4D7C-927D-BA569FA4BD24}.Debug|x64.Build.0 = Debug|x64
		{CFFC2799-AF33-4D7C-927D-BA569FA4BD24}.Debug|x86.ActiveCfg = Debug|Win32
		{CFFC2799-AF33-4D7C-927D-BA569FA4BD24}.Debug|x86.Build.0 = Debug|Win32
		{CFFC2799-AF33-4D7C-927D-BA569FA4BD24}.Release|x64.ActiveCfg = Release|x64
		{CFFC2799-AF33-4D7C-927D-BA569FA4BD24}.Release|x64.Build.0 = Release|x64
		{CFFC2799-AF33-4D7C-927D-BA569FA4BD24}.Release|x86.ActiveCfg = Release|Win32
		{CFFC2799-AF33-4D7C-927D-BA569FA4BD24}.Release|x86.Build.0 = Release|Win32
		{3C48A406-68E9-44C6-9C3B-ADC38EF79A39}.Debug|x64.ActiveCfg = Debug|x64
		{3C48A406-68E9-44C6-9C3B-ADC38EF79A39}.Debug|x64.Build.0 = Debug|x64
		{3C48A406-68E9-44C6-9C3B-ADC38EF79A39}.Debug|x86.ActiveCfg = Debug|Win32
		{3C48A406-68E9-44C6-9C3B-ADC38EF79A39}.Debug|x86.Build.0 = Debug|Win32
		{3C48A406-68E9-44C6-9C3B-ADC38EF79A39}.Release|x64.ActiveCfg = Release|x64
		{3C48A406-68E9-44C6-9C3B-ADC38EF79A39}.Release|x64.Build.0 = Release|x64
		{3C48A406-68E9-44C6-9C3B-ADC38EF79A39}.Release|x86.ActiveCfg = Release|Win32
		{3C48A406-68E9-44C6-9C3B-ADC38EF79A39}.Release|x86.Build.0 = Release|Win32
		{C3A90E46-4A69-4A16-B132-9BF99D597C90}.Debug|x64.ActiveCfg = Debug|x64
		{C3A90E46-4A69-4A16-B132-9BF99D597C90}.Debug|x64.Build.0 = Debug|x64
		{C3A90E46-4A69-4A16-B132-9BF99D597C90}.Debug|x86.ActiveCfg = Debug|Win32
		{C3A90E46-4A69-4A16-B132-9BF99D597C90}.Debug|x86.Build.0 = Debug|Win32
		{C3A90E46-4A69-4A16-B132-9BF99D597C90}.Release|x64.ActiveCfg = Release|x64
		{C3A90E46-4A69-4A16-B132-9BF99D597C90}.Release|x64.Build.0 = Release|x64
		{C3A90E46-4A69-4A16-B132-9BF99D597C90}.Release|x86.ActiveCfg = Release|Win32
		{C3A90E46-4A69-4A16-B132-9BF99D597C90}.Release|x86.Build.0 = Release|Win32
		{AEE00CB1-253F-4ED1-BD22-879E88E0A047}.Debug|x64.ActiveCfg = Debug|x64
		{AEE00CB1-253F-4ED1-BD22-879E88E0A047}.Debug|x64.Build.0 = Debug|x64
		{AEE00CB1-253F-4ED1-BD22-879E88E0A047}.Debug|x86.ActiveCfg = Debug|Win32
		{AEE00CB1-253F-4ED1-BD22-879E88E0A047}.Debug|x86.Build.0 = Debug|Win32
		{AEE00CB1-253F-4ED1-BD22-879E88E0A047}.Release|x64.ActiveCfg = Release|x64
		{AEE00CB1-253F-4ED1-BD22-879E88E0A047}.Release|x64.Build.0 = Release|x64
		{AEE00CB1-253F-4ED1-BD22-879E88E0A047}.Release|x86.ActiveCfg = Release|Win32
		{AEE00CB1-253F-4ED1-BD22-879E88E0A047}.Release|x86.Build.0 = Release|Win32
		{3270EFB2-8710-4CF8-BBC2-FBCE6564D764}.Debug|x64.ActiveCfg = Debug|x64
		{3270EFB2-8710-4CF8-BBC2-FBCE6564D764}.Debug|x64.Build.0 = Debug|x64
		{3270EFB2-8710-4CF8-BBC2-FBCE6564D764}.Debug|x86.ActiveCfg = Debug|Win32
		{3270EFB2-8710-4CF8-BBC2-FBCE6564D764}.Debug|x86.Build.0 = Debug|Win32
		{3270EFB2-8710-4CF8-BBC2-FBCE6564D764}.Release|x64.ActiveCfg = Release|x64
		{3270EFB2-8710-4CF8-BBC2-FBCE6564D764}.Release|x64.Build.0 = Release|x64
		{3270EFB2-8710-4CF8-BBC2-FBCE6564D764}.Release|x86.ActiveCfg = Release|Win32
		{3270EFB2-8710-4CF8-BBC2-FBCE6564D764}.Release|x86.Build.0 = Release|Win32
		{9F3F3011-BBC2-4848-BF19-059DBD034251}.Debug|x64.ActiveCfg = Debug|x64
		{9F3F3011-BBC2-4848-BF19-059DBD034251}.Debug|x64.Build.0 = Debug|x64
		{9F3F3011-BBC2-4848-BF19-059DBD034251}.Debug|x86.ActiveCfg = Debug|Win32
		{9F3F3011-BBC2-4848-BF19-059DBD034251}.Debug|x86.Build.0 = Debug|Win32
		{9F3F3011-BBC2-4848-BF19-059DBD034251}.Release|x64.ActiveCfg = Release|x64
		{9F3F3011-BBC2-4848-BF19-059DBD034251}.Release|x64.Build.0 = Release|x64
		{9F3F3011-BBC2-4848-BF19-059DBD034251}.Release|x86.ActiveCfg = Release|Win32
		{9F3F3011-BBC2-4848-BF19-059DBD034251}.Release|x86.Build.0 = Release|Win32
		{A7E723F4-F663-4B58-88CB-52A3C778EB8E}.Debug|x64.ActiveCfg = Debug|x64
		{A7E723F4-F663-4B58-88CB-52A3C778EB8E}.Debug|x64.Build.0 = Debug|x64
		{A7E723F4-F663-4B58-88CB-52A3C778EB8E}.Debug|x86.ActiveCfg = Debug|Win32
		{A7E723F4-F663-4B58-88CB-52A3C778EB8E}.Debug|x86.Build.0 = Debug|Win32
		{A7E723F4-F663-4B58-88CB-52A3C778EB8E}.Release|x64.ActiveCfg = Release|x64
		{A7E723F4-F663-4B58-88CB-52A3C778EB8E}.Release|x64.Build.0 = Release|x64
		{A7E723F4-F663-4B58-88CB-52A3C778EB8E}.Release|x86.ActiveCfg = Release|Win32
		{A7E723F4-F663-4B58-88CB-52A3C778EB8E}.Release|x86.Build.0 = Release|Win32
		{6CF2E984-F283-48E2-90F8-BA7CCC3A68CB}.Debug|x64.ActiveCfg = Debug|x64
		{6CF2E984-F283-48E2-90F8-BA7CCC3A68CB}.Debug|x64.Build.0 = Debug|x64
		{6CF2E984-F283-48E2-90F8-BA7CCC3A68CB}.Debug|x86.ActiveCfg = Debug|Win32
		{6CF2E984-F283-48E2-90F8-BA7CCC3A68CB}.Debug|x86.Build.0 = Debug|Win32
		{6CF2E984-F283-48E2-90F8-BA7CCC3A68CB}.Release|x64.ActiveCfg = Release|x64
		{6CF2E984-F283-48E2-90F8-BA7CCC3A68CB}.Release|x64.Build.0 = Release|x64
		{6CF2E984-F283-48E2-90F8-BA7CCC3A68CB}.Release|x86.ActiveCfg = Release|Win32
		{6CF2E984-F283-48E2-90F8-BA7CCC3A68CB}.Release|x86.Build.0 = Release|Win32
		{F48B7432-A3B6-476D-8239-7622E442003E}.Debug|x64.ActiveCfg = Debug|x64
		{F48B7432-A3B6-476D-8239-7622E442003E}.Debug|x64.Build.0 = Debug|x64
		{F48B7432-A3B6-476D-8239-7622E442003E}.Debug|x86.ActiveCfg = Debug|Win32
		{F48B7432-A3B6-476D-8239-7622E442003E}.Debug|x86.Build.0 = Debug|Win32
		{F48B7432-A3B6-476D-8239-7622E442003E}.Release|x64.ActiveCfg = Release|x64
		{F48B7432-A3B6-476D-8239-7622E442003E}.Release|x64.Build.0 = Release|x64
		{F48B7432-A3B6-476D-8239-7622E442003E}.Release|x86.ActiveCfg = Release|Win32
		{F48B7432-A3B6-476D-8239-7622E442003E}.Release|x86.Build.0 = Release|Win32
		{3E5BB4F3-54CF-478D-9D3E-2A8C3D40FC4A}.Debug|x64.ActiveCfg = Debug|x64
		{3E5BB4F3-54CF-478D-9D3E-2A8C3D40FC4A}.Debug|x64.Build.0 = Debug|x64
		{3E5BB4F3-54CF-478D-9D3E-2A8C3D40FC4A}.Debug|x86.ActiveCfg = Debug|Win32
		{3E5BB4F3-54CF-478D-9D3E-2A8C3D40FC4A}.Debug|x86.Build.0 = Debug|Win32
		{3E5BB4F3-54CF-478D-9D3E-2A8C3D40FC4A}.Release|x64.ActiveCfg = Release|x64
		{3E5BB4F3-54CF-478D-9D3E-2A8C3D40FC4A}.Release|x64.Build.0 = Release|x64
		{3E5BB4F3-54CF-478D-9D3E-2A8C3D40FC4A}.Release|x86.ActiveCfg = Release|Win32
		{3E5BB4F3-54CF-478D-9D3E-2A8C3D40FC4A}.Release|x86.Build.0 = Release|Win32
		{90440284-CDA3-4325-86F9-811F2E3B6779}.Debug|x64.ActiveCfg = Debug|x64
		{90440284-CDA3-4325-86F9-811F2E3B6779}.Debug|x64.Build.0 = Debug|x64
		{90440284-CDA3-4325-86F9-811F2E3B6779}.Debug|x86.ActiveCfg = Debug|Win32
		{90440284-CDA3-4325-86F9-811F2E3B6779}.Debug|x86.Build.0 = Debug|Win32
		{90440284-CDA3-4325-86F9-811F2E3B6779}.Release|x64.ActiveCfg = Release|x64
		{90440284-CDA3-4325-86F9-811F2E3B6779}.Release|x64.Build.0 = Release|x64
		{90440284-CDA3-4325-86F9-811F2E3B6779}.Release|x86.ActiveCfg = Release|Win32
		{90440284-CDA3-4325-86F9-811F2E3B6779}.Release|x86.Build.0 = Release|Win32
		{523C4DBE-D714-4C85-83A3-4A489CCEBF4B}.Debug|x64.ActiveCfg = Debug|x64
		{523C4DBE-D714-4C85-83A3-4A489CCEBF4B}.Debug|x64.Build.0 = Debug|x64
		{523C4DBE-D714-4C85-83A3-4A489CCEBF4B}.Debug|x86.ActiveCfg = Debug|Win32
		{523C4DBE-D714-4C85-83A3-4A489CCEBF4B}.Debug|x86.Build.0 = Debug|Win32
		{523C4DBE-D714-4C85-83A3-4A489CCEBF4B}.Release|x64.ActiveCfg = Release|x64
		{523C4DBE-D714-4C85-83A3-4A489CCEBF4B}.Release|x64.Build.0 = Release|x64
		{523C4DBE-D714-4C85-83A3-4A489CCEBF4B}.Release|x86.ActiveCfg = Release|Win32
		{523C4DBE-D714-4C85-83A3-4A489CCEBF4B}.Release|x86.Build.0 = Release|Win32
		{5399896D-C377-4F46-8C4E-6405E54B3EED}.Debug|x64.ActiveCfg = Debug|x64
		{5399896D-C377-4F46-8C4E-6405E54B3EED}.Debug|x64.Build.0 = Debug|x64
		{5399896D-C377-4F46-8C4E-6405E54B3EED}.Debug|x86.ActiveCfg = Debug|Win32
		{5399896D-C377-4F46-8C4E-6405E54B3EED}.Debug|x86.Build.0 = Debug|Win32
		{5399896D-C377-4F46-8C4E-6405E54B3EED}.Release|x64.ActiveCfg = Release|x64
		{5399896D-C377-4F46-8C4E-6405E54B3EED}.Release|x64.Build.0 = Release|x64
		{5399896D-C377-4F46-8C4E-6405E54B3EED}.Release|x86.ActiveCfg = Release|Win32
		{5399896D-C377-4F46-8C4E-6405E54B3EED}.Release|x86.Build.0 = Release|Win32
		{19F6E0C8-F46E-4449-B211-8C4CDA42908B}.Debug|x64.ActiveCfg = Debug|x64
		{19F6E0C8-F46E-4449-B211-8C4CDA42908B}.Debug|x64.Build.0 = Debug|x64
		{19F6E0C8-F46E-4449-B211-8C4CDA42908B}.Debug|x86.ActiveCfg = Debug|Win32
		{19F6E0C8-F46E-4449-B211-8C4CDA42908B}.Debug|x86.Build.0 = Debug|Win32
		{19F6E0C8-F46E-4449-B211-8C4CDA42908B}.Release|x64.ActiveCfg = Release|x64
		{19F6E0C8-F46E-4449-B211-8C4CDA42908B}.Release|x64.Build.0 = Release|x64
		{19F6E0C8-F46E-4449-B211-8C4CDA42908B}.Release|x86.ActiveCfg = Release|Win32
		{19F6E0C8-F46E-4449-B211-8C4CDA42908B}.Release|x86.Build.0 = Release|Win32
		{62067A16-E8C4-4B1D-9FE0-4AD62AAB02F2}.Debug|x64.ActiveCfg = Debug|x64
		{62067A16-E8C4-4B1D-9FE0-4AD62AAB02F2}.Debug|x64.Build.0 = Debug|x64
		{62067A16-E8C4-4B1D-9FE0-4AD62AAB02F2}.Debug|x86.ActiveCfg = Debug|Win32
		{62067A16-E8C4-4B1D-9FE0-4AD62AAB02F2}.Debug|x86.Build.0 = Debug|Win32
		{62067A16-E8C4-4B1D-9FE0-4AD62AAB02F2}.Release|x64.ActiveCfg = Release|x64
		{62067A16-E8C4-4B1D-9FE0-4AD62AAB02F2}.Release|x64.Build.0 = Release|x64
		{62067A16-E8C4-4B1D-9FE0-4AD62AAB02F2}.Release|x86.ActiveCfg = Release|Win32
		{62067A16-E8C4-4B1D-9FE0-4AD62AAB02F2}.Release|x86.Build.0 = Release|Win32
		{0CA52F5D-35F3-43AC-A04F-835D31AC90CF}.Debug|x64.ActiveCfg = Debug|x64
		{0CA52F5D-35F3-43AC-A04F-835D31AC90CF}.Debug|x64.Build.0 = Debug|x64
		{0CA52F5D-35F3-43AC-A04F-835D31AC90CF}.Debug|x86.ActiveCfg = Debug|Win32
		{0CA52F5D-35F3-43AC-A04F-835D31AC90CF}.Debug|x86.Build.0 = Debug|Win32
		{0CA52F5D-35F3-43AC-A04F-835D31AC90CF}.Release|x64.ActiveCfg = Release|x64
		{0CA52F5D-35F3-43AC-A04F-835D31AC90CF}.Release|x64.Build.0 = Release|x64
		{0CA52F5D-35F3-43AC-A04F-835D31AC90CF}.Release|x86.ActiveCfg = Release|Win32
		{0CA52F5D-35F3-43AC-A04F-835D31AC90CF}.Release|x86.Build.0 = Release|Win32
		{E322296B-E76E-487C-B98F-6D98C0C96A6A}.Debug|x64.ActiveCfg = Debug|x64
		{E322296B-E76E-487C-B98F-6D98C0C96A6A}.Debug|x64.Build.0 = Debug|x64
		{E322296B-E76E-487C-B98F-6D98C0C96A6A}.Debug|x86.ActiveCfg = Debug|Win32
		{E322296B-E76E-487C-B98F-6D98C0C96A6A}.Debug|x86.Build.0 = Debug|Win32
		{E322296B-E76E-487C-B98F-6D98C0C96A6A}.Release|x64.ActiveCfg = Release|x64
		{E322296B-E76E-487C-B98F-6D98C0C96A6A}.Release|x64.Build.0 = Release|x64
		{E322296B-E76E-487C-B98F-6D98C0C96A6A}.Release|x86.ActiveCfg = Release|Win32
		{E322296B-E76E-487C-B98F-6D98C0C96A6A}.Release|x86.Build.0 = Release|Win32
		{9C0CF7CB-7B06-460D-AAF9-7AB6560D9107}.Debug|x64.ActiveCfg = Debug|x64
		{9C0CF7CB-7B06-460D-AAF9-7AB6560D9107}.Debug|x64.Build.0 = Debug|x64
		{9C0CF7CB-7B06-460D-AAF9-7AB6560D9107}.Debug|x86.ActiveCfg = Debug|Win32
		{9C0CF7CB-7B06-460D-AAF9-7AB6560D9107}.Debug|x86.Build.0 = Debug|Win32
		{9C0CF7CB-7B06-460D-AAF9-7AB6560D9107}.Release|x64.ActiveCfg = Release|x64
		{9C0CF7CB-7B06-460D-AAF9-7AB6560D9107}.Release|x64.Build.0 = Release|x64
		{9C0CF7CB-7B06-460D-AAF9-7AB6560D9107}.Release|x86.ActiveCfg = Release|Win32
		{9C0CF7CB-7B06-460D-AAF9-7AB6560D9107}.Release|x86.Build.0 = Release|Win32
		{46004966-6C0E-47F3-BF49-1D93227ADD4D}.Debug|x64.ActiveCfg = Debug|x64
		{46004966-6C0E-47F3-BF49-1D93227ADD4D}.Debug|x64.Build.0 = Debug|x64
		{46004966-6C0E-47F3-BF49-1D93227ADD4D}.Debug|x86.ActiveCfg = Debug|Win32
		{46004966-6C0E-47F3-BF49-1D93227ADD4D}.Debug|x86.Build.0 = Debug|Win32
		{46004966-6C0E-47F3-BF49-1D93227ADD4D}.Release|x64.ActiveCfg = Release|x64
		{46004966-6C0E-47F3-BF49-1D93227ADD4D}.Release|x64.Build.0 = Release|x64
		{46004966-6C0E-47F3-BF49-1D93227ADD4D}.Release|x86.ActiveCfg = Release|Win32
		{46004966-6C0E-47F3-BF49-1D93227ADD4D}.Release|x86.Build.0 = Release|Win32
		{1CDCBB3B-6C52-4292-9D27-CF472C18493E}.Debug|x64.ActiveCfg = Debug|x64
		{1CDCBB3B-6C52-4292-9D27-CF472C18493E}.Debug|x64.Build.0 = Debug|x64
		{1CDCBB3B-6C52-4292-9D27-CF472C18493E}.Debug|x86.ActiveCfg = Debug|Win32
		{1CDCBB3B-6C52-4292-9D27-CF472C18493E}.Debug|x86.Build.0 = Debug|Win32
		{1CDCBB3B-6C52-4292-9D27-CF472C18493E}.Release|x64.ActiveCfg = Release|x64
		{1CDCBB3B-6C52-4292-9D27-CF472C18493E}.Release|x64.Build.0 = Release|x64
		{1CDCBB3B-6C52-4292-9D27-CF472C18493E}.Release|x86.ActiveCfg = Release|Win32
		{1CDCBB3B-6C52-4292-9D27-CF472C18493E}.Release|x86.Build.0 = Release|Win32
		{12016BF9-1963-4D12-B337-D3CF9109781C}.Debug|x64.ActiveCfg = Debug|x64
		{12016BF9-1963-4D12-B337-D3CF9109781C}.Debug|x64.Build.0 = Debug|x64
		{12016BF9-1963-4D12-B337-D3CF9109781C}.Debug|x86.ActiveCfg = Debug|Win32
		{12016BF9-1963-4D12-B337-D3CF9109781C}.Debug|x86.Build.0 = Debug|Win32
		{12016BF9-1963-4D12-B337-D3CF9109781C}.Release|x64.ActiveCfg = Release|x64
		{12016BF9-1963-4D12-B337-D3CF9109781C}.Release|x64.Build.0 = Release|x64
		{12016BF9-1963-4D12-B337-D3CF9109781C}.Release|x86.ActiveCfg = Release|Win32
		{12016BF9-1963-4D12-B337-D3CF9109781C}.Release|x86.Build.0 = Release|Win32
		{63BBBBEE-6ECC-4E02-A2B9-3EA54C01ECD7}.Debug|x64.ActiveCfg = Debug|x64
		{63BBBBEE-6ECC-4E02-A2B9-3EA54C01ECD7}.Debug|x64.Build.0 = Debug|x64
		{63BBBBEE-6ECC-4E02-A2B9-3EA54C01ECD7}.Debug|x86.ActiveCfg = Debug|Win32
		{63BBBBEE-6ECC-4E02-A2B9-3EA54C01ECD7}.Debug|x86.Build.0 = Debug|Win32
		{63BBBBEE-6ECC-4E02-A2B9-3EA54C01ECD7}.Release|x64.ActiveCfg = Release|x64
		{63BBBBEE-6ECC-4E02-A2B9-3EA54C01ECD7}.Release|x64.Build.0 = Release|x64
		{63BBBBEE-6ECC-4E02-A2B9-3EA54C01ECD7}.Release|x86.ActiveCfg = Release|Win32
		{63BBBBEE-6ECC-4E02-A2B9-3EA54C01ECD7}.Release|x86.Build.0 = Release|Win32
		{0B881DF1-7B74-4DE4-8EE2-FFEE1A039DE9}.Debug|x64.ActiveCfg = Debug|x64
		{0B881DF1-7B74-4DE4-8EE2-FFEE1A039DE9}.Debug|x64.Build.0 = Debug|x64
		{0B881DF1-7B74-4DE4-8EE2-FFEE1A039DE9}.Debug|x86.ActiveCfg = Debug|Win32
		{0B881DF1-7B74-4DE4-8EE2-FFEE1A039DE9}.Debug|x86.Build.0 = Debug|Win32
		{0B881DF1-7B74-4DE4-8EE2-FFEE1A039DE9}.Release|x64.ActiveCfg = Release|x64
		{0B881DF1-7B74-4DE4-8EE2-FFEE1A039DE9}.Release|x64.Build.0 = Release|x64
		{0B881DF1-7B74-4DE4-8EE2-FFEE1A039DE9}.Release|x86.ActiveCfg = Release|Win32
		{0B881DF1-7B74-4DE4-8EE2-FFEE1A039DE9}.Release|x86.Build.0 = Release|Win32
		{763DEAA1-3FD4-4C02-8DEB-19D6E9050674}.Debug|x64.ActiveCfg = Debug|x64
		{763DEAA1-3FD4-4C02-8DEB-19D6E9050674}.Debug|x64.Build.0 = Debug|x64
		{763DEAA1-3FD4-4C02-8DEB-19D6E9050674}.Debug|x86.ActiveCfg = Debug|Win32
		{763DEAA1-3FD4-4C02-8DEB-19D6E9050674}.Debug|x86.Build.0 = Debug|Win32
		{763DEAA1-3FD4-4C02-8DEB-19D6E9050674}.Release|x64.ActiveCfg = Release|x64
		{763DEAA1-3FD4-4C02-8DEB-19D6E9050674}.Release|x64.Build.0 = Release|x64
		{763DEAA1-3FD4-4C02-8DEB-19D6E9050674}.Release|x86.ActiveCfg = Release|Win32
		{763DEAA1-3FD4-4C02-8DEB-19D6E9050674}.Release|x86.Build.0 = Release|Win32
		{9F9E25ED-789F-4654-A4D4-765B550B7908}.Debug|x64.ActiveCfg = Debug|x64
		{9F9E25ED-789F-4654-A4D4-765B550B7908}.Debug|x64.Build.0 = Debug|x64
		{9F9E25ED-789F-4654-A4D4-765B550B7908}.Debug|x86.ActiveCfg = Debug|Win32
		{9F9E25ED-789F-4654-A4D4-765B550B7908}.Debug|x86.Build.0 = Debug|Win32
		{9F9E25ED-789F-4654-A4D4-765B550B7908}.Release|x64.ActiveCfg = Release|x64
		{9F9E25ED-789F-4654-A4D4-765B550B7908}.Release|x64.Build.0 = Release|x64
		{9F9E25ED-789F-4654-A4D4-765B550B7908}.Release|x86.ActiveCfg = Release|Win32
		{9F9E25ED-789F-4654-A4D4-765B550B7908}.Release|x86.Build.0 = Release|Win32
		{BD443DC5-4D4A-4D72-A868-BDB0808ECC21}.Debug|x64.ActiveCfg = Debug|x64
		{BD443DC5-4D4A-4D72-A868-BDB0808ECC21}.Debug|x64.Build.0 = Debug|x64
		{BD443DC5-4D4A-4D72-A868-BDB0808ECC21}.Debug|x86.ActiveCfg = Debug|Win32
		{BD443DC5-4D4A-4D72-A868-BDB0808ECC21}.Debug|x86.Build.0 = Debug|Win32
		{BD443DC5-4D4A-4D72-A868-BDB0808ECC21}.Release|x64.ActiveCfg = Release|x64
		{BD443DC5-4D4A-4D72-A868-BDB0808ECC21}.Release|x64.Build.0 = Release|x64
		{BD443DC5-4D4A-4D72-A868-BDB0808ECC21}.Release|x86.ActiveCfg = Release|Win32
		{BD443DC5-4D4A-4D72-A868-BDB0808ECC21}.Release|x86.Build.0 = Release|Win32
		{7F29D1F0-BFA5-458D-94A9-78C634ADA27C}.Debug|x64.ActiveCfg = Debug|x64
		{7F29D1F0-BFA5-458D-94A9-78C634ADA27C}.Debug|x64.Build.0 = Debug|x64
		{7F29D1F0-BFA5-458D-94A9-78C634ADA27C}.Debug|x86.ActiveCfg = Debug|Win32
		{7F29D1F0-BFA5-458D-94A9-78C634ADA27C}.Debug|x86.Build.0 = Debug|Win32
		{7F29D1F0-BFA5-458D-94A9-78C634ADA27C}.Release|x64.ActiveCfg = Release|x64
		{7F29D1F0-BFA5-458D-94A9-78C634ADA27C}.Release|x64.Build.0 = Release|x64
		{7F29D1F0-BFA5-458D-94A9-78C634ADA27C}.Release|x86.ActiveCfg = Release|Win32
		{7F29D1F0-BFA5-458D-94A9-78C634ADA27C}.Release|x86.Build.0 = Release|Win32
		{8945CB34-743A-4E0F-949C-229FCF30D8FF}.Debug|x64.ActiveCfg = Debug|x64
		{8945CB34-743A-4E0F-949C-229FCF30D8FF}.Debug|x64.Build.0 = Debug|x64
		{8945CB34-743A-4E0F-949C-229FCF30D8FF}.Debug|x86.ActiveCfg = Debug|Win32
		{8945CB34-743A-4E0F-949C-229FCF30D8FF}.Debug|x86.Build.0 = Debug|Win32
		{8945CB34-743A-4E0F-949C-229FCF30D8FF}.Release|x64.ActiveCfg = Release|x64
		{8945CB34-743A-4E0F-949C-229FCF30D8FF}.Release|x64.Build.0 = Release|x64
		{8945CB34-743A-4E0F-949C-229FCF30D8FF}.Release|x86.ActiveCfg = Release|Win32
		{8945CB34-743A-4E0F-949C-229FCF30D8FF}.Release|x86.Build.0 = Release|Win32
		{BA17364D-D1BF-405D-A893-F3F6CEAD12B3}.Debug|x64.ActiveCfg = Debug|x64
		{BA17364D-D1BF-405D-A893-F3F6CEAD12B3}.Debug|x64.Build.0 = Debug|x64
		{BA17364D-D1BF-405D-A893-F3F6CEAD12B3}.Debug|x86.ActiveCfg = Debug|Win32
		{BA17364D-D1BF-405D-A893-F3F6CEAD12B3}.Debug|x86.Build.0 = Debug|Win32
		{BA17364D-D1BF-405D-A893-F3F6CEAD12B3}.Release|x64.ActiveCfg = Release|x64
		{BA17364D-D1BF-405D-A893-F3F6CEAD12B3}.Release|x64.Build.0 = Release|x64
		{BA17364D-D1BF-405D-A893-F3F6CEAD12B3}.Release|x86.ActiveCfg = Release|Win32
		{BA17364D-D1BF-405D-A893-F3F6CEAD12B3}.Release|x86.Build.0 = Release|Win32
		{19DB3019-F570-4A13-B578-B585615B8B86}.Debug|x64.ActiveCfg = Debug|x64
		{19DB3019-F570-4A13-B578-B585615B8B86}.Debug|x64.Build.0 = Debug|x64
		{19DB3019-F570-4A13-B578-B585615B8B86}.Debug|x86.ActiveCfg = Debug|Win32
		{19DB3019-F570-4A13-B578-B585615B8B86}.Debug|x86.Build.0 = Debug|Win32
		{19DB3019-F570-4A13-B578-B585615B8B86}.Release|x64.ActiveCfg = Release|x64
		{19DB3019-F570-4A13-B578-B585615B8B86}.Release|x64.Build.0 = Release|x64
		{19DB3019-F570-4A13-B578-B585615B8B86}.Release|x86.ActiveCfg = Release|Win32
		{19DB3019-F570-4A13-B578-B585615B8B86}.Release|x86.Build.0 = Release|Win32
		{E4CA4002-8BAB-4FCC-97AD-6DD1E19A2328}.Debug|x64.ActiveCfg = Debug|x64
		{E4CA4002-8BAB-4FCC-97AD-6DD1E19A2328}.Debug|x64.Build.0 = Debug|x64
		{E4CA4002-8BAB-4FCC-97AD-6DD1E19A2328}.Debug|x86.ActiveCfg = Debug|Win32
		{E4CA4002-8BAB-4FCC-97AD-6DD1E19A2328}.Debug|x86.Build.0 = Debug|Win32
		{E4CA4002-8BAB-4FCC-97AD-6DD1E19A2328}.Release|x64.ActiveCfg = Release|x64
		{E4CA4002-8BAB-4FCC-97AD-6DD1E19A2328}.Release|x64.Build.0 = Release|x64
		{E4CA4002-8BAB-4FCC-97AD-6DD1E19A2328}.Release|x86.ActiveCfg = Release|Win32
		{E4CA4002-8BAB-4FCC-97AD-6DD1E19A2328}.Release|x86.Build.0 = Release|Win32
		{4808FAF4-C675-4081-BB9C-798B50988C0F}.Debug|x64.ActiveCfg = Debug|x64
		{4808FAF4-C675-4081-BB9C-798B50988C0F}.Debug|x64.Build.0 = Debug|x64
		{4808FAF4-C675-4081-BB9C-798B50988C0F}.Debug|x86.ActiveCfg = Debug|Win32
		{4808FAF4-C675-4081-BB9C-798B50988C0F}.Debug|x86.Build.0 = Debug|Win32
		{4808FAF4-C675-4081-BB9C-798B50988C0F}.Release|x64.ActiveCfg = Release|x64
		{4808FAF4-C675-4081-BB9C-798B50988C0F}.Release|x64.Build.0 = Release|x64
		{4808FAF4-C675-4081-BB9C-798B50988C0F}.Release|x86.ActiveCfg = Release|Win32
		{4808FAF4-C675-4081-BB9C-798B50988C0F}.Release|x86.Build.0 = Release|Win32
		{64F6CCB4-B835-48A1-B883-3CB6D164E40D}.Debug|x64.ActiveCfg = Debug|x64
		{64F6CCB4-B835-48A1-B883-3CB6D164E40D}.Debug|x64.Build.0 = Debug|x64
		{64F6CCB4-B835-48A1-B883-3CB6D164E40D}.Debug|x86.ActiveCfg = Debug|Win32
		{64F6CCB4-B835-48A1-B883-3CB6D164E40D}.Debug|x86.Build.0 = Debug|Win32
		{64F6CCB4-B835-48A1-B883-3CB6D164E40D}.Release|x64.ActiveCfg = Release|x64
		{64F6CCB4-B835-48A1-B883-3CB6D164E40D}.Release|x64.Build.0 = Release|x64
		{64F6CCB4-B835-48A1-B883-3CB6D164E40D}.Release|x86.ActiveCfg = Release|Win32
		{64F6CCB4-B835-48A1-B883-3CB6D164E40D}.Release|x86.Build.0 = Release|Win32
		{EB8E9E02-DEA7-440C-AD55-81F7928AE6E7}.Debug|x64.ActiveCfg = Debug|x64
		{EB8E9E02-DEA7-440C-AD55-81F7928AE6E7}.Debug|x64.Build.0 = Debug|x64
		{EB8E9E02-DEA7-440C-AD55-81F7928AE6E7}.Debug|x86.ActiveCfg = Debug|Win32
		{EB8E9E02-DEA7-440C-AD55-81F7928AE6E7}.Debug|x86.Build.0 = Debug|Win32
		{EB8E9E02-DEA7-440C-AD55-81F7928AE6E7}.Release|x64.ActiveCfg = Release|x64
		{EB8E9E02-DEA7-440C-AD55-81F7928AE6E7}.Release|x64.Build.0 = Release|x64
		{EB8E9E02-DEA7-440C-AD55-81F7928AE6E7}.Release|x86.ActiveCfg = Release|Win32
		{EB8E9E02-DEA7-440C-AD55-81F7928AE6E7}.Release|x86.Build.0 = Release|Win32
		{336C84F1-51BD-4E40-ADF7-5CEAE33EE95B}.Debug|x64.ActiveCfg = Debug|x64
		{336C84F1-51BD-4E40-ADF7-5CEAE33EE95B}.Debug|x64.Build.0 = Debug|x64
		{336C84F1-51BD-4E40-ADF7-5CEAE33EE95B}.Debug|x86.ActiveCfg = Debug|Win32
		{336C84F1-51BD-4E40-ADF7-5CEAE33EE95B}.Debug|x86.Build.0 = Debug|Win32
		{336C84F1-51BD-4E40-ADF7-5CEAE33EE95B}.Release|x64.ActiveCfg = Release|x64
		{336C84F1-51BD-4E40-ADF7-5CEAE33EE95B}.Release|x64.Build.0 = Release|x64
		{336C84F1-51BD-4E40-ADF7-5CEAE33EE95B}.Release|x86.ActiveCfg = Release|Win32
		{336C84F1-51BD-4E40-ADF7-5CEAE33EE95B}.Release|x86.Build.0 = Release|Win32
		{9E3FEA31-4B9E-4BAE-B617-5F35CC2A6DFC}.Debug|x64.ActiveCfg = Debug|x64
		{9E3FEA31-4B9E-4BAE-B617-5F35CC2A6DFC}.Debug|x64.Build.0 = Debug|x64
		{9E3FEA31-4B9E-4BAE-B617-5F35CC2A6DFC}.Debug|x86.ActiveCfg = Debug|Win32
		{9E3FEA31-4B9E-4BAE-B617-5F35CC2A6DFC}.Debug|x86.Build.0 = Debug|Win32
		{9E3FEA31-4B9E-4BAE-B617-5F35CC2A6DFC}.Release|x64.ActiveCfg = Release|x64
		{9E3FEA31-4B9E-4BAE-B617-5F35CC2A6DFC}.Release|x64.Build.0 = Release|x64
		{9E3FEA31-4B9E-4BAE-B617-5F35CC2A6DFC}.Release|x86.ActiveCfg = Release|Win32
		{9E3FEA31-4B9E-4BAE-B617-5F35CC2A6DFC}.Release|x86.Build.0 = Release|Win32
		{DEDC9604-3C87-4166-BF1C-001C52CB64BC}.Debug|x64.ActiveCfg = Debug|x64
		{DEDC9604-3C87-4166-BF1C-001C52CB64BC}.Debug|x64.Build.0 = Debug|x64
		{DEDC9604-3C87-4166-BF1C-001C52CB64BC}.Debug|x86.ActiveCfg = Debug|Win32
		{DEDC9604-3C87-4166-BF1C-001C52CB64BC}.Debug|x86.Build.0 = Debug|Win32
		{DEDC9604-3C87-4166-BF1C-001C52CB64BC}.Release|x64.ActiveCfg = Release|x64
		{DEDC9604-3C87-4166-BF1C-001C52CB64BC}.Release|x64.Build.0 = Release|x64
		{DEDC9604-3C87-4166-BF1C-001C52CB64BC}.Release|x86.ActiveCfg = Release|Win32
		{DEDC9604-3C87-4166-BF1C-001C52CB64BC}.Release|x86.Build.0 = Release|Win32
		{D215533A-1E2A-49C3-B1FB-AD08D10A1AC8}.Debug|x64.ActiveCfg = Debug|x64
		{D215533A-1E2A-49C3-B1FB-AD08D10A1AC8}.Debug|x64.Build.0 = Debug|x64
		{D215533A-1E2A-49C3-B1FB-AD08D10A1AC8}.Debug|x86.ActiveCfg = Debug|Win32
		{D215533A-1E2A-49C3-B1FB-AD08D10A1AC8}.Debug|x86.Build.0 = Debug|Win32
		{D215533A-1E2A-49C3-B1FB-AD08D10A1AC8}.Release|x64.ActiveCfg = Release|x64
		{D215533A-1E2A-49C3-B1FB-AD08D10A1AC8}.Release|x64.Build.0 = Release|x64
		{D215533A-1E2A-49C3-B1FB-AD08D10A1AC8}.Release|x86.ActiveCfg = Release|Win32
		{D215533A-1E2A-49C3-B1FB-AD08D10A1AC8}.Release|x86.Build.0 = Release|Win32
		{475A1AE7-1A4D-43A9-9AE0-5C6CB1A66FBC}.Debug|x64.ActiveCfg = Debug|x64
		{475A1AE7-1A4D-43A9-9AE0-5C6CB1A66FBC}.Debug|x64.Build.0 = Debug|x64
		{475A1AE7-1A4D-43A9-9AE0-5C6CB1A66FBC}.Debug|x86.ActiveCfg = Debug|Win32
		{475A1AE7-1A4D-43A9-9AE0-5C6CB1A66FBC}.Debug|x86.Build.0 = Debug|Win32
		{475A1AE7-1A4D-43A9-9AE0-5C6CB1A66FBC}.Release|x64.ActiveCfg = Release|x64
		{475A1AE7-1A4D-43A9-9AE0-5C6CB1A66FBC}.Release|x64.Build.0 = Release|x64
		{475A1AE7-1A4D-43A9-9AE0-5C6CB1A66FBC}.Release|x86.ActiveCfg = Release|Win32
		{475A1AE7-1A4D-43A9-9AE0-5C6CB1A66FBC}.Release|x86.Build.0 = Release|Win32
		{232B7ED6-CCE9-4634-B8BF-911BFE2BC372}.Debug|x64.ActiveCfg = Debug|x64
		{232B7ED6-CCE9-4634-B8BF-911BFE2BC372}.Debug|x64.Build.0 = Debug|x64
		{232B7ED6-CCE9-4634-B8BF-911BFE2BC372}.Debug|x86.ActiveCfg = Debug|Win32
		{232B7ED6-CCE9-4634-B8BF-911BFE2BC372}.Debug|x86.Build.0 = Debug|Win32
		{232B7ED6-CCE9-4634-B8BF-911BFE2BC372}.Release|x64.ActiveCfg = Release|x64
		{232B7ED6-CCE9-4634-B8BF-911BFE2BC372}.Release|x64.Build.0 = Release|x64
		{232B7ED6-CCE9-4634-B8BF-911BFE2BC372}.Release|x86.ActiveCfg = Release|Win32
		{232B7ED6-CCE9-4634-B8BF-911BFE2BC372}.Release|x86.Build.0 = Release|Win32
		{7D71139E-521E-4F53-90C4-388DA2C9A879}.Debug|x64.ActiveCfg = Debug|x64
		{7D71139E-521E-4F53-90C4-388DA2C9A879}.Debug|x64.Build.0 = Debug|x64
		{7D71139E-521E-4F53-90C4-388DA2C9A879}.Debug|x86.ActiveCfg = Debug|Win32
		{7D71139E-521E-4F53-90C4-388DA2C9A879}.Debug|x86.Build.0 = Debug|Win32
		{7D71139E-521E-4F53-90C4-388DA2C9A879}.Release|x64.ActiveCfg = Release|x64
		{7D71139E-521E-4F53-90C4-388DA2C9A879}.Release|x64.Build.0 = Release|x64
		{7D71139E-521E-4F53-90C4-388DA2C9A879}.Release|x86.ActiveCfg = Release|Win32
		{7D71139E-521E-4F53-90C4-388DA2C9A879}.Release|x86.Build.0 = Release|Win32
		{8DAA463B-9CB0-4817-8A7E-4B370BEDC92F}.Debug|x64.ActiveCfg = Debug|x64
		{8DAA463B-9CB0-4817-8A7E-4B370BEDC92F}.Debug|x64.Build.0 = Debug|x64
		{8DAA463B-9CB0-4817-8A7E-4B370BEDC92F}.Debug|x86.ActiveCfg = Debug|Win32
		{8DAA463B-9CB0-4817-8A7E-4B370BEDC92F}.Debug|x86.Build.0 = Debug|Win32
		{8DAA463B-9CB0-4817-8A7E-4B370BEDC92F}.Release|x64.ActiveCfg = Release|x64
		{8DAA463B-9CB0-4817-8A7E-4B370BEDC92F}.Release|x64.Build.0 = Release|x64
		{8DAA463B-9CB0-4817-8A7E-4B370BEDC92F}.Release|x86.ActiveCfg = Release|Win32
		{8DAA463B-9CB0-4817-8A7E-4B370BEDC92F}.Release|x86.Build.0 = Release|Win32
		{2F01DD65-8202-46B1-9CC2-4450164AA1EE}.Debug|x64.ActiveCfg = Debug|x64
		{2F01DD65-8202-46B1-9CC2-4450164AA1EE}.Debug|x64.Build.0 = Debug|x64
		{2F01DD65-8202-46B1-9CC2-4450164AA1EE}.Debug|x86.ActiveCfg = Debug|Win32
		{2F01DD65-8202-46B1-9CC2-4450164AA1EE}.Debug|x86.Build.0 = Debug|Win32
		{2F01DD65-8202-46B1-9CC2-4450164AA1EE}.Release|x64.ActiveCfg = Release|x64
		{2F01DD65-8202-46B1-9CC2-4450164AA1EE}.Release|x64.Build.0 = Release|x64
		{2F01DD65-8202-46B1-9CC2-4450164AA1EE}.Release|x86.ActiveCfg = Release|Win32
		{2F01DD65-8202-46B1-9CC2-4450164AA1EE}.Release|x86.Build.0 = Release|Win32
		{8BFFC4D3-211B-4240-A148-7E04AC0C83A4}.Debug|x64.ActiveCfg = Debug|x64
		{8BFFC4D3-211B-4240-A148-7E04AC0C83A4}.Debug|x64.Build.0 = Debug|x64
		{8BFFC4D3-211B-4240-A148-7E04AC0C83A4}.Debug|x86.ActiveCfg = Debug|Win32
		{8BFFC4D3-211B-4240-A148-7E04AC0C83A4}.Debug|x86.Build.0 = Debug|Win32
		{8BFFC4D3-211B-4240-A148-7E04AC0C83A4}.Release|x64.ActiveCfg = Release|x64
		{8BFFC4D3-211B-4240-A148-7E04AC0C83A4}.Release|x64.Build.0 = Release|x64
		{8BFFC4D3-211B-4240-A148-7E04AC0C83A4}.Release|x86.ActiveCfg = Release|Win32
		{8BFFC4D3-211B-4240-A148-7E04AC0C83A4}.Release|x86.Build.0 = Release|Win32
		{98580ECF-50E6-4B7C-B478-E9802136D0AB}.Debug|x64.ActiveCfg = Debug|x64
		{98580ECF-50E6-4B7C-B478-E9802136D0AB}.Debug|x64.Build.0 = Debug|x64
		{98580ECF-50E6-4B7C-B478-E9802136D0AB}.Debug|x86.ActiveCfg = Debug|Win32
		{98580ECF-50E6-4B7C-B478-E9802136D0AB}.Debug|x86.Build.0 = Debug|Win32
		{98580ECF-50E6-4B7C-B478-E9802136D0AB}.Release|x64.ActiveCfg = Release|x64
		{98580ECF-50E6-4B7C-B478-E9802136D0AB}.Release|x64.Build.0 = Release|x64
		{98580ECF-50E6-4B7C-B478-E9802136D0AB}.Release|x86.ActiveCfg = Release|Win32
		{98580ECF-50E6-4B7C-B478-E9802136D0AB}.Release|x86.Build.0 = Release|Win32
		{91F4287D-9419-40C8-92CE-8166E253FC1F}.Debug|x64.ActiveCfg = Debug|x64
		{91F4287D-9419-40C8-92CE-8166E253FC1F}.Debug|x64.Build.0 = Debug|x64
		{91F4287D-9419-40C8-92CE-8166E253FC1F}.Debug|x86.ActiveCfg = Debug|Win32
		{91F4287D-9419-40C8-92CE-8166E253FC1F}.Debug|x86.Build.0 = Debug|Win32
		{91F4287D-9419-40C8-92CE-8166E253FC1F}.Release|x64.ActiveCfg = Release|x64
		{91F4287D-9419-40C8-92CE-8166E253FC1F}.Release|x64.Build.0 = Release|x64
		{91F4287D-9419-40C8-92CE-8166E253FC1F}.Release|x86.ActiveCfg = Release|Win32
		{91F4287D-9419-40C8-92CE-8166E253FC1F}.Release|x86.Build.0 = Release|Win32
		{148516C4-A9E6-48F9-8D85-2338805871CE}.Debug|x64.ActiveCfg = Debug|x64
		{148516C4-A9E6-48F9-8D85-2338805871CE}.Debug|x64.Build.0 = Debug|x64
		{148516C4-A9E6-48F9-8D85-2338805871CE}.Debug|x86.ActiveCfg = Debug|Win32
		{148516C4-A9E6-48F9-8D85-2338805871CE}.Debug|x86.Build.0 = Debug|Win32
		{148516C4-A9E6-48F9-8D85-2338805871CE}.Release|x64.ActiveCfg = Release|x64
		{148516C4-A9E6-48F9-8D85-2338805871CE}.Release|x64.Build.0 = Release|x64
		{148516C4-A9E6-48F9-8D85-2338805871CE}.Release|x86.ActiveCfg = Release|Win32
		{148516C4-A9E6-48F9-8D85-2338805871CE}.Release|x86.Build.0 = Release|Win32
		{6DDF1403-FF51-434C-B78B-B4AF9F7B696B}.Debug|x64.ActiveCfg = Debug|x64
		{6DDF1403-FF51-434C-B78B-B4AF9F7B696B}.Debug|x64.Build.0 = Debug|x64
		{6DDF1403-FF51-434C-B78B-B4AF9F7B696B}.Debug|x86.ActiveCfg = Debug|Win32
		{6DDF1403-FF51-434C-B78B-B4AF9F7B696B}.Debug|x86.Build.0 = Debug|Win32
		{6DDF1403-FF51-434C-B78B-B4AF9F7B696B}.Release|x64.ActiveCfg = Release|x64
		{6DDF1403-FF51-434C-B78B-B4AF9F7B696B}.Release|x64.Build.0 = Release|x64
		{6DDF1403-FF51-434C-B78B-B4AF9F7B696B}.Release|x86.ActiveCfg = Release|Win32
		{6DDF1403-FF51-434C-B78B-B4AF9F7B696B}.Release|x86.Build.0 = Release|Win32
	EndGlobalSection
	GlobalSection(SolutionProperties) = preSolution
		HideSolutionNode = FALSE
	EndGlobalSection
	GlobalSection(ExtensibilityGlobals) = postSolution
		SolutionGuid = {741B786B-7BBE-4ACF-9216-722E209D3F17}
	EndGlobalSection
EndGlobal
